
Microsoft Visual Studio Solution File, Format Version 12.00
# Visual Studio 14
VisualStudioVersion = 14.0.25420.1
MinimumVisualStudioVersion = 10.0.40219.1
Project("{D954291E-2A0B-460D-934E-DC6B0785DB48}") = "CocosSharpGame1.Shared", "CocosSharpGame1\CocosSharpGame1.Shared\CocosSharpGame1.Shared.shproj", "{61EE4BCB-287F-4A80-8ED9-FFD07DD3FED4}"
EndProject
Project("{FAE04EC0-301F-11D3-BF4B-00C04F79EFBC}") = "CocosSharpGame1.WP81", "CocosSharpGame1\CocosSharpGame1.WP81\CocosSharpGame1.WP81.csproj", "{526F2BE7-3086-4C94-9A6F-2E6938ECB66F}"
EndProject
Project("{FAE04EC0-301F-11D3-BF4B-00C04F79EFBC}") = "CocosSharpGame1.Droid", "CocosSharpGame1\CocosSharpGame1.Droid\CocosSharpGame1.Droid.csproj", "{0B2F9571-92FE-4ACD-8E30-DCF923CC2322}"
EndProject
Project("{FAE04EC0-301F-11D3-BF4B-00C04F79EFBC}") = "CocosSharpGame1.iOS", "CocosSharpGame1\CocosSharpGame1.iOS\CocosSharpGame1.iOS.csproj", "{A8FF8EE9-1C12-4F2A-9F72-ADB9884264EE}"
EndProject
Global
	GlobalSection(SharedMSBuildProjectFiles) = preSolution
		CocosSharpGame1\CocosSharpGame1.Shared\EmptyProject.Shared.projitems*{0b2f9571-92fe-4acd-8e30-dcf923cc2322}*SharedItemsImports = 4
		CocosSharpGame1\CocosSharpGame1.Shared\EmptyProject.Shared.projitems*{526f2be7-3086-4c94-9a6f-2e6938ecb66f}*SharedItemsImports = 4
		CocosSharpGame1\CocosSharpGame1.Shared\EmptyProject.Shared.projitems*{61ee4bcb-287f-4a80-8ed9-ffd07dd3fed4}*SharedItemsImports = 13
		CocosSharpGame1\CocosSharpGame1.Shared\EmptyProject.Shared.projitems*{a8ff8ee9-1c12-4f2a-9f72-adb9884264ee}*SharedItemsImports = 4
	EndGlobalSection
	GlobalSection(SolutionConfigurationPlatforms) = preSolution
		Ad-Hoc|Any CPU = Ad-Hoc|Any CPU
		Ad-Hoc|ARM = Ad-Hoc|ARM
		Ad-Hoc|iPhone = Ad-Hoc|iPhone
		Ad-Hoc|iPhoneSimulator = Ad-Hoc|iPhoneSimulator
		Ad-Hoc|x86 = Ad-Hoc|x86
		AppStore|Any CPU = AppStore|Any CPU
		AppStore|ARM = AppStore|ARM
		AppStore|iPhone = AppStore|iPhone
		AppStore|iPhoneSimulator = AppStore|iPhoneSimulator
		AppStore|x86 = AppStore|x86
		Debug|Any CPU = Debug|Any CPU
		Debug|ARM = Debug|ARM
		Debug|iPhone = Debug|iPhone
		Debug|iPhoneSimulator = Debug|iPhoneSimulator
		Debug|x86 = Debug|x86
		Release|Any CPU = Release|Any CPU
		Release|ARM = Release|ARM
		Release|iPhone = Release|iPhone
		Release|iPhoneSimulator = Release|iPhoneSimulator
		Release|x86 = Release|x86
	EndGlobalSection
	GlobalSection(ProjectConfigurationPlatforms) = postSolution
		{526F2BE7-3086-4C94-9A6F-2E6938ECB66F}.Ad-Hoc|Any CPU.ActiveCfg = Release|Any CPU
		{526F2BE7-3086-4C94-9A6F-2E6938ECB66F}.Ad-Hoc|Any CPU.Build.0 = Release|Any CPU
		{526F2BE7-3086-4C94-9A6F-2E6938ECB66F}.Ad-Hoc|Any CPU.Deploy.0 = Release|Any CPU
		{526F2BE7-3086-4C94-9A6F-2E6938ECB66F}.Ad-Hoc|ARM.ActiveCfg = Release|ARM
		{526F2BE7-3086-4C94-9A6F-2E6938ECB66F}.Ad-Hoc|ARM.Build.0 = Release|ARM
		{526F2BE7-3086-4C94-9A6F-2E6938ECB66F}.Ad-Hoc|ARM.Deploy.0 = Release|ARM
		{526F2BE7-3086-4C94-9A6F-2E6938ECB66F}.Ad-Hoc|iPhone.ActiveCfg = Release|Any CPU
		{526F2BE7-3086-4C94-9A6F-2E6938ECB66F}.Ad-Hoc|iPhone.Build.0 = Release|Any CPU
		{526F2BE7-3086-4C94-9A6F-2E6938ECB66F}.Ad-Hoc|iPhone.Deploy.0 = Release|Any CPU
		{526F2BE7-3086-4C94-9A6F-2E6938ECB66F}.Ad-Hoc|iPhoneSimulator.ActiveCfg = Release|Any CPU
		{526F2BE7-3086-4C94-9A6F-2E6938ECB66F}.Ad-Hoc|iPhoneSimulator.Build.0 = Release|Any CPU
		{526F2BE7-3086-4C94-9A6F-2E6938ECB66F}.Ad-Hoc|iPhoneSimulator.Deploy.0 = Release|Any CPU
		{526F2BE7-3086-4C94-9A6F-2E6938ECB66F}.Ad-Hoc|x86.ActiveCfg = Release|x86
		{526F2BE7-3086-4C94-9A6F-2E6938ECB66F}.Ad-Hoc|x86.Build.0 = Release|x86
		{526F2BE7-3086-4C94-9A6F-2E6938ECB66F}.Ad-Hoc|x86.Deploy.0 = Release|x86
		{526F2BE7-3086-4C94-9A6F-2E6938ECB66F}.AppStore|Any CPU.ActiveCfg = Release|Any CPU
		{526F2BE7-3086-4C94-9A6F-2E6938ECB66F}.AppStore|Any CPU.Build.0 = Release|Any CPU
		{526F2BE7-3086-4C94-9A6F-2E6938ECB66F}.AppStore|Any CPU.Deploy.0 = Release|Any CPU
		{526F2BE7-3086-4C94-9A6F-2E6938ECB66F}.AppStore|ARM.ActiveCfg = Release|ARM
		{526F2BE7-3086-4C94-9A6F-2E6938ECB66F}.AppStore|ARM.Build.0 = Release|ARM
		{526F2BE7-3086-4C94-9A6F-2E6938ECB66F}.AppStore|ARM.Deploy.0 = Release|ARM
		{526F2BE7-3086-4C94-9A6F-2E6938ECB66F}.AppStore|iPhone.ActiveCfg = Release|Any CPU
		{526F2BE7-3086-4C94-9A6F-2E6938ECB66F}.AppStore|iPhone.Build.0 = Release|Any CPU
		{526F2BE7-3086-4C94-9A6F-2E6938ECB66F}.AppStore|iPhone.Deploy.0 = Release|Any CPU
		{526F2BE7-3086-4C94-9A6F-2E6938ECB66F}.AppStore|iPhoneSimulator.ActiveCfg = Release|Any CPU
		{526F2BE7-3086-4C94-9A6F-2E6938ECB66F}.AppStore|iPhoneSimulator.Build.0 = Release|Any CPU
		{526F2BE7-3086-4C94-9A6F-2E6938ECB66F}.AppStore|iPhoneSimulator.Deploy.0 = Release|Any CPU
		{526F2BE7-3086-4C94-9A6F-2E6938ECB66F}.AppStore|x86.ActiveCfg = Release|x86
		{526F2BE7-3086-4C94-9A6F-2E6938ECB66F}.AppStore|x86.Build.0 = Release|x86
		{526F2BE7-3086-4C94-9A6F-2E6938ECB66F}.AppStore|x86.Deploy.0 = Release|x86
		{526F2BE7-3086-4C94-9A6F-2E6938ECB66F}.Debug|Any CPU.ActiveCfg = Debug|Any CPU
		{526F2BE7-3086-4C94-9A6F-2E6938ECB66F}.Debug|Any CPU.Build.0 = Debug|Any CPU
		{526F2BE7-3086-4C94-9A6F-2E6938ECB66F}.Debug|Any CPU.Deploy.0 = Debug|Any CPU
		{526F2BE7-3086-4C94-9A6F-2E6938ECB66F}.Debug|ARM.ActiveCfg = Debug|ARM
		{526F2BE7-3086-4C94-9A6F-2E6938ECB66F}.Debug|ARM.Build.0 = Debug|ARM
		{526F2BE7-3086-4C94-9A6F-2E6938ECB66F}.Debug|ARM.Deploy.0 = Debug|ARM
		{526F2BE7-3086-4C94-9A6F-2E6938ECB66F}.Debug|iPhone.ActiveCfg = Debug|Any CPU
		{526F2BE7-3086-4C94-9A6F-2E6938ECB66F}.Debug|iPhone.Build.0 = Debug|Any CPU
		{526F2BE7-3086-4C94-9A6F-2E6938ECB66F}.Debug|iPhone.Deploy.0 = Debug|Any CPU
		{526F2BE7-3086-4C94-9A6F-2E6938ECB66F}.Debug|iPhoneSimulator.ActiveCfg = Debug|Any CPU
		{526F2BE7-3086-4C94-9A6F-2E6938ECB66F}.Debug|iPhoneSimulator.Build.0 = Debug|Any CPU
		{526F2BE7-3086-4C94-9A6F-2E6938ECB66F}.Debug|iPhoneSimulator.Deploy.0 = Debug|Any CPU
		{526F2BE7-3086-4C94-9A6F-2E6938ECB66F}.Debug|x86.ActiveCfg = Debug|x86
		{526F2BE7-3086-4C94-9A6F-2E6938ECB66F}.Debug|x86.Build.0 = Debug|x86
		{526F2BE7-3086-4C94-9A6F-2E6938ECB66F}.Debug|x86.Deploy.0 = Debug|x86
		{526F2BE7-3086-4C94-9A6F-2E6938ECB66F}.Release|Any CPU.ActiveCfg = Release|Any CPU
		{526F2BE7-3086-4C94-9A6F-2E6938ECB66F}.Release|Any CPU.Build.0 = Release|Any CPU
		{526F2BE7-3086-4C94-9A6F-2E6938ECB66F}.Release|Any CPU.Deploy.0 = Release|Any CPU
		{526F2BE7-3086-4C94-9A6F-2E6938ECB66F}.Release|ARM.ActiveCfg = Release|ARM
		{526F2BE7-3086-4C94-9A6F-2E6938ECB66F}.Release|ARM.Build.0 = Release|ARM
		{526F2BE7-3086-4C94-9A6F-2E6938ECB66F}.Release|ARM.Deploy.0 = Release|ARM
		{526F2BE7-3086-4C94-9A6F-2E6938ECB66F}.Release|iPhone.ActiveCfg = Release|Any CPU
		{526F2BE7-3086-4C94-9A6F-2E6938ECB66F}.Release|iPhone.Build.0 = Release|Any CPU
		{526F2BE7-3086-4C94-9A6F-2E6938ECB66F}.Release|iPhone.Deploy.0 = Release|Any CPU
		{526F2BE7-3086-4C94-9A6F-2E6938ECB66F}.Release|iPhoneSimulator.ActiveCfg = Release|Any CPU
		{526F2BE7-3086-4C94-9A6F-2E6938ECB66F}.Release|iPhoneSimulator.Build.0 = Release|Any CPU
		{526F2BE7-3086-4C94-9A6F-2E6938ECB66F}.Release|iPhoneSimulator.Deploy.0 = Release|Any CPU
		{526F2BE7-3086-4C94-9A6F-2E6938ECB66F}.Release|x86.ActiveCfg = Release|x86
		{526F2BE7-3086-4C94-9A6F-2E6938ECB66F}.Release|x86.Build.0 = Release|x86
		{526F2BE7-3086-4C94-9A6F-2E6938ECB66F}.Release|x86.Deploy.0 = Release|x86
		{0B2F9571-92FE-4ACD-8E30-DCF923CC2322}.Ad-Hoc|Any CPU.ActiveCfg = Release|Any CPU
		{0B2F9571-92FE-4ACD-8E30-DCF923CC2322}.Ad-Hoc|Any CPU.Build.0 = Release|Any CPU
		{0B2F9571-92FE-4ACD-8E30-DCF923CC2322}.Ad-Hoc|Any CPU.Deploy.0 = Release|Any CPU
		{0B2F9571-92FE-4ACD-8E30-DCF923CC2322}.Ad-Hoc|ARM.ActiveCfg = Release|Any CPU
		{0B2F9571-92FE-4ACD-8E30-DCF923CC2322}.Ad-Hoc|ARM.Build.0 = Release|Any CPU
		{0B2F9571-92FE-4ACD-8E30-DCF923CC2322}.Ad-Hoc|ARM.Deploy.0 = Release|Any CPU
		{0B2F9571-92FE-4ACD-8E30-DCF923CC2322}.Ad-Hoc|iPhone.ActiveCfg = Release|Any CPU
		{0B2F9571-92FE-4ACD-8E30-DCF923CC2322}.Ad-Hoc|iPhone.Build.0 = Release|Any CPU
		{0B2F9571-92FE-4ACD-8E30-DCF923CC2322}.Ad-Hoc|iPhone.Deploy.0 = Release|Any CPU
		{0B2F9571-92FE-4ACD-8E30-DCF923CC2322}.Ad-Hoc|iPhoneSimulator.ActiveCfg = Release|Any CPU
		{0B2F9571-92FE-4ACD-8E30-DCF923CC2322}.Ad-Hoc|iPhoneSimulator.Build.0 = Release|Any CPU
		{0B2F9571-92FE-4ACD-8E30-DCF923CC2322}.Ad-Hoc|iPhoneSimulator.Deploy.0 = Release|Any CPU
		{0B2F9571-92FE-4ACD-8E30-DCF923CC2322}.Ad-Hoc|x86.ActiveCfg = Release|Any CPU
		{0B2F9571-92FE-4ACD-8E30-DCF923CC2322}.Ad-Hoc|x86.Build.0 = Release|Any CPU
		{0B2F9571-92FE-4ACD-8E30-DCF923CC2322}.Ad-Hoc|x86.Deploy.0 = Release|Any CPU
		{0B2F9571-92FE-4ACD-8E30-DCF923CC2322}.AppStore|Any CPU.ActiveCfg = Release|Any CPU
		{0B2F9571-92FE-4ACD-8E30-DCF923CC2322}.AppStore|Any CPU.Build.0 = Release|Any CPU
		{0B2F9571-92FE-4ACD-8E30-DCF923CC2322}.AppStore|Any CPU.Deploy.0 = Release|Any CPU
		{0B2F9571-92FE-4ACD-8E30-DCF923CC2322}.AppStore|ARM.ActiveCfg = Release|Any CPU
		{0B2F9571-92FE-4ACD-8E30-DCF923CC2322}.AppStore|ARM.Build.0 = Release|Any CPU
		{0B2F9571-92FE-4ACD-8E30-DCF923CC2322}.AppStore|ARM.Deploy.0 = Release|Any CPU
		{0B2F9571-92FE-4ACD-8E30-DCF923CC2322}.AppStore|iPhone.ActiveCfg = Release|Any CPU
		{0B2F9571-92FE-4ACD-8E30-DCF923CC2322}.AppStore|iPhone.Build.0 = Release|Any CPU
		{0B2F9571-92FE-4ACD-8E30-DCF923CC2322}.AppStore|iPhone.Deploy.0 = Release|Any CPU
		{0B2F9571-92FE-4ACD-8E30-DCF923CC2322}.AppStore|iPhoneSimulator.ActiveCfg = Release|Any CPU
		{0B2F9571-92FE-4ACD-8E30-DCF923CC2322}.AppStore|iPhoneSimulator.Build.0 = Release|Any CPU
		{0B2F9571-92FE-4ACD-8E30-DCF923CC2322}.AppStore|iPhoneSimulator.Deploy.0 = Release|Any CPU
		{0B2F9571-92FE-4ACD-8E30-DCF923CC2322}.AppStore|x86.ActiveCfg = Release|Any CPU
		{0B2F9571-92FE-4ACD-8E30-DCF923CC2322}.AppStore|x86.Build.0 = Release|Any CPU
		{0B2F9571-92FE-4ACD-8E30-DCF923CC2322}.AppStore|x86.Deploy.0 = Release|Any CPU
		{0B2F9571-92FE-4ACD-8E30-DCF923CC2322}.Debug|Any CPU.ActiveCfg = Debug|Any CPU
		{0B2F9571-92FE-4ACD-8E30-DCF923CC2322}.Debug|Any CPU.Build.0 = Debug|Any CPU
		{0B2F9571-92FE-4ACD-8E30-DCF923CC2322}.Debug|Any CPU.Deploy.0 = Debug|Any CPU
		{0B2F9571-92FE-4ACD-8E30-DCF923CC2322}.Debug|ARM.ActiveCfg = Debug|Any CPU
		{0B2F9571-92FE-4ACD-8E30-DCF923CC2322}.Debug|ARM.Build.0 = Debug|Any CPU
		{0B2F9571-92FE-4ACD-8E30-DCF923CC2322}.Debug|ARM.Deploy.0 = Debug|Any CPU
		{0B2F9571-92FE-4ACD-8E30-DCF923CC2322}.Debug|iPhone.ActiveCfg = Debug|Any CPU
		{0B2F9571-92FE-4ACD-8E30-DCF923CC2322}.Debug|iPhone.Build.0 = Debug|Any CPU
		{0B2F9571-92FE-4ACD-8E30-DCF923CC2322}.Debug|iPhone.Deploy.0 = Debug|Any CPU
		{0B2F9571-92FE-4ACD-8E30-DCF923CC2322}.Debug|iPhoneSimulator.ActiveCfg = Debug|Any CPU
		{0B2F9571-92FE-4ACD-8E30-DCF923CC2322}.Debug|iPhoneSimulator.Build.0 = Debug|Any CPU
		{0B2F9571-92FE-4ACD-8E30-DCF923CC2322}.Debug|iPhoneSimulator.Deploy.0 = Debug|Any CPU
		{0B2F9571-92FE-4ACD-8E30-DCF923CC2322}.Debug|x86.ActiveCfg = Debug|Any CPU
		{0B2F9571-92FE-4ACD-8E30-DCF923CC2322}.Debug|x86.Build.0 = Debug|Any CPU
		{0B2F9571-92FE-4ACD-8E30-DCF923CC2322}.Debug|x86.Deploy.0 = Debug|Any CPU
		{0B2F9571-92FE-4ACD-8E30-DCF923CC2322}.Release|Any CPU.ActiveCfg = Release|Any CPU
		{0B2F9571-92FE-4ACD-8E30-DCF923CC2322}.Release|Any CPU.Build.0 = Release|Any CPU
		{0B2F9571-92FE-4ACD-8E30-DCF923CC2322}.Release|Any CPU.Deploy.0 = Release|Any CPU
		{0B2F9571-92FE-4ACD-8E30-DCF923CC2322}.Release|ARM.ActiveCfg = Release|Any CPU
		{0B2F9571-92FE-4ACD-8E30-DCF923CC2322}.Release|ARM.Build.0 = Release|Any CPU
		{0B2F9571-92FE-4ACD-8E30-DCF923CC2322}.Release|ARM.Deploy.0 = Release|Any CPU
		{0B2F9571-92FE-4ACD-8E30-DCF923CC2322}.Release|iPhone.ActiveCfg = Release|Any CPU
		{0B2F9571-92FE-4ACD-8E30-DCF923CC2322}.Release|iPhone.Build.0 = Release|Any CPU
		{0B2F9571-92FE-4ACD-8E30-DCF923CC2322}.Release|iPhone.Deploy.0 = Release|Any CPU
		{0B2F9571-92FE-4ACD-8E30-DCF923CC2322}.Release|iPhoneSimulator.ActiveCfg = Release|Any CPU
		{0B2F9571-92FE-4ACD-8E30-DCF923CC2322}.Release|iPhoneSimulator.Build.0 = Release|Any CPU
		{0B2F9571-92FE-4ACD-8E30-DCF923CC2322}.Release|iPhoneSimulator.Deploy.0 = Release|Any CPU
		{0B2F9571-92FE-4ACD-8E30-DCF923CC2322}.Release|x86.ActiveCfg = Release|Any CPU
		{0B2F9571-92FE-4ACD-8E30-DCF923CC2322}.Release|x86.Build.0 = Release|Any CPU
		{0B2F9571-92FE-4ACD-8E30-DCF923CC2322}.Release|x86.Deploy.0 = Release|Any CPU
		{A8FF8EE9-1C12-4F2A-9F72-ADB9884264EE}.Ad-Hoc|Any CPU.ActiveCfg = Ad-Hoc|iPhone
		{A8FF8EE9-1C12-4F2A-9F72-ADB9884264EE}.Ad-Hoc|ARM.ActiveCfg = Ad-Hoc|iPhone
		{A8FF8EE9-1C12-4F2A-9F72-ADB9884264EE}.Ad-Hoc|iPhone.ActiveCfg = Ad-Hoc|iPhone
		{A8FF8EE9-1C12-4F2A-9F72-ADB9884264EE}.Ad-Hoc|iPhone.Build.0 = Ad-Hoc|iPhone
		{A8FF8EE9-1C12-4F2A-9F72-ADB9884264EE}.Ad-Hoc|iPhoneSimulator.ActiveCfg = Ad-Hoc|iPhoneSimulator
		{A8FF8EE9-1C12-4F2A-9F72-ADB9884264EE}.Ad-Hoc|iPhoneSimulator.Build.0 = Ad-Hoc|iPhoneSimulator
		{A8FF8EE9-1C12-4F2A-9F72-ADB9884264EE}.Ad-Hoc|x86.ActiveCfg = Ad-Hoc|iPhone
		{A8FF8EE9-1C12-4F2A-9F72-ADB9884264EE}.AppStore|Any CPU.ActiveCfg = AppStore|iPhone
		{A8FF8EE9-1C12-4F2A-9F72-ADB9884264EE}.AppStore|ARM.ActiveCfg = AppStore|iPhone
		{A8FF8EE9-1C12-4F2A-9F72-ADB9884264EE}.AppStore|iPhone.ActiveCfg = AppStore|iPhone
		{A8FF8EE9-1C12-4F2A-9F72-ADB9884264EE}.AppStore|iPhone.Build.0 = AppStore|iPhone
		{A8FF8EE9-1C12-4F2A-9F72-ADB9884264EE}.AppStore|iPhoneSimulator.ActiveCfg = AppStore|iPhoneSimulator
		{A8FF8EE9-1C12-4F2A-9F72-ADB9884264EE}.AppStore|iPhoneSimulator.Build.0 = AppStore|iPhoneSimulator
		{A8FF8EE9-1C12-4F2A-9F72-ADB9884264EE}.AppStore|x86.ActiveCfg = AppStore|iPhone
		{A8FF8EE9-1C12-4F2A-9F72-ADB9884264EE}.Debug|Any CPU.ActiveCfg = Debug|iPhone
		{A8FF8EE9-1C12-4F2A-9F72-ADB9884264EE}.Debug|ARM.ActiveCfg = Debug|iPhone
		{A8FF8EE9-1C12-4F2A-9F72-ADB9884264EE}.Debug|iPhone.ActiveCfg = Debug|iPhone
		{A8FF8EE9-1C12-4F2A-9F72-ADB9884264EE}.Debug|iPhone.Build.0 = Debug|iPhone
		{A8FF8EE9-1C12-4F2A-9F72-ADB9884264EE}.Debug|iPhoneSimulator.ActiveCfg = Debug|iPhoneSimulator
		{A8FF8EE9-1C12-4F2A-9F72-ADB9884264EE}.Debug|iPhoneSimulator.Build.0 = Debug|iPhoneSimulator
		{A8FF8EE9-1C12-4F2A-9F72-ADB9884264EE}.Debug|x86.ActiveCfg = Debug|iPhone
		{A8FF8EE9-1C12-4F2A-9F72-ADB9884264EE}.Release|Any CPU.ActiveCfg = Release|iPhone
		{A8FF8EE9-1C12-4F2A-9F72-ADB9884264EE}.Release|ARM.ActiveCfg = Release|iPhone
		{A8FF8EE9-1C12-4F2A-9F72-ADB9884264EE}.Release|iPhone.ActiveCfg = Release|iPhone
		{A8FF8EE9-1C12-4F2A-9F72-ADB9884264EE}.Release|iPhone.Build.0 = Release|iPhone
		{A8FF8EE9-1C12-4F2A-9F72-ADB9884264EE}.Release|iPhoneSimulator.ActiveCfg = Release|iPhoneSimulator
		{A8FF8EE9-1C12-4F2A-9F72-ADB9884264EE}.Release|iPhoneSimulator.Build.0 = Release|iPhoneSimulator
		{A8FF8EE9-1C12-4F2A-9F72-ADB9884264EE}.Release|x86.ActiveCfg = Release|iPhone
	EndGlobalSection
	GlobalSection(SolutionProperties) = preSolution
		HideSolutionNode = FALSE
	EndGlobalSection
EndGlobal
